{
  "name": "solidjs-resizable-splitter-component",
  "version": "0.0.1",
  "lockfileVersion": 2,
  "requires": true,
  "packages": {
    "": {
      "name": "solidjs-resizable-splitter-component",
      "version": "0.0.1",
      "license": "CC0-1.0",
      "dependencies": {
        "solid-styled-components": "*"
      },
      "peerDependencies": {
        "solid-js": "*"
      }
    },
    "node_modules/csstype": {
      "version": "3.1.0",
      "resolved": "https://registry.npmjs.org/csstype/-/csstype-3.1.0.tgz",
      "integrity": "sha512-uX1KG+x9h5hIJsaKR9xHUeUraxf8IODOwq9JLNPq6BwB04a/xgpq3rcx47l5BZu5zBPlgD342tdke3Hom/nJRA=="
    },
    "node_modules/goober": {
      "version": "2.1.10",
      "resolved": "https://registry.npmjs.org/goober/-/goober-2.1.10.tgz",
      "integrity": "sha512-7PpuQMH10jaTWm33sQgBQvz45pHR8N4l3Cu3WMGEWmHShAcTuuP7I+5/DwKo39fwti5A80WAjvqgz6SSlgWmGA==",
      "peerDependencies": {
        "csstype": "^3.0.10"
      }
    },
    "node_modules/solid-js": {
      "version": "1.4.8",
      "resolved": "https://registry.npmjs.org/solid-js/-/solid-js-1.4.8.tgz",
      "integrity": "sha512-XErZdnnYYXF7OwGSUAPcua2y5/ELB/c53zFCpWiEGqxTNoH1iQghzI8EsHJXk06sNn+Z/TGhb8bPDNNGSgimag==",
      "peer": true
    },
    "node_modules/solid-styled-components": {
      "version": "0.28.4",
      "resolved": "https://registry.npmjs.org/solid-styled-components/-/solid-styled-components-0.28.4.tgz",
      "integrity": "sha512-SGbXv5tLIs1qErr3x7M+HWE4lu+37C4myV8gbce7WnZumjBmM5sifKv/NulVeSf3nMRa3uwkAM14q7QmLGC2gQ==",
      "dependencies": {
        "csstype": "^3.1.0",
        "goober": "^2.1.10"
      },
      "peerDependencies": {
        "solid-js": "^1.4.4"
      }
    }
  },
  "dependencies": {
    "csstype": {
      "version": "3.1.0",
      "resolved": "https://registry.npmjs.org/csstype/-/csstype-3.1.0.tgz",
      "integrity": "sha512-uX1KG+x9h5hIJsaKR9xHUeUraxf8IODOwq9JLNPq6BwB04a/xgpq3rcx47l5BZu5zBPlgD342tdke3Hom/nJRA=="
    },
    "goober": {
      "version": "2.1.10",
      "resolved": "https://registry.npmjs.org/goober/-/goober-2.1.10.tgz",
      "integrity": "sha512-7PpuQMH10jaTWm33sQgBQvz45pHR8N4l3Cu3WMGEWmHShAcTuuP7I+5/DwKo39fwti5A80WAjvqgz6SSlgWmGA==",
      "requires": {}
    },
    "solid-js": {
      "version": "1.4.8",
      "resolved": "https://registry.npmjs.org/solid-js/-/solid-js-1.4.8.tgz",
      "integrity": "sha512-XErZdnnYYXF7OwGSUAPcua2y5/ELB/c53zFCpWiEGqxTNoH1iQghzI8EsHJXk06sNn+Z/TGhb8bPDNNGSgimag==",
      "peer": true
    },
    "solid-styled-components": {
      "version": "0.28.4",
      "resolved": "https://registry.npmjs.org/solid-styled-components/-/solid-styled-components-0.28.4.tgz",
      "integrity": "sha512-SGbXv5tLIs1qErr3x7M+HWE4lu+37C4myV8gbce7WnZumjBmM5sifKv/NulVeSf3nMRa3uwkAM14q7QmLGC2gQ==",
      "requires": {
        "csstype": "^3.1.0",
        "goober": "^2.1.10"
      }
    }
  }
}
